### YamlMime:ManagedReference
items:
- uid: Microsoft.VisualBasic.Devices.Clock
  id: Clock
  children:
  - Microsoft.VisualBasic.Devices.Clock.#ctor
  - Microsoft.VisualBasic.Devices.Clock.GmtTime
  - Microsoft.VisualBasic.Devices.Clock.LocalTime
  - Microsoft.VisualBasic.Devices.Clock.TickCount
  langs:
  - csharp
  name: Clock
  nameWithType: Clock
  fullName: Microsoft.VisualBasic.Devices.Clock
  type: Class
  summary: To be added.
  remarks: To be added.
  syntax:
    content: public class Clock
  inheritance:
  - System.Object
  implements: []
  inheritedMembers: []
  platform:
  - net-11
  - net-20
  - netcore-10
- uid: Microsoft.VisualBasic.Devices.Clock.#ctor
  id: '#ctor'
  parent: Microsoft.VisualBasic.Devices.Clock
  langs:
  - csharp
  name: Clock()
  nameWithType: Clock.Clock()
  fullName: Microsoft.VisualBasic.Devices.Clock.Clock()
  type: Constructor
  assemblies:
  - Microsoft.VisualBasic
  namespace: Microsoft.VisualBasic.Devices
  summary: To be added.
  remarks: To be added.
  syntax:
    content: public Clock ();
    parameters: []
  overload: Microsoft.VisualBasic.Devices.Clock.#ctor*
  platform:
  - net-11
  - net-20
  - netcore-10
- uid: Microsoft.VisualBasic.Devices.Clock.GmtTime
  id: GmtTime
  parent: Microsoft.VisualBasic.Devices.Clock
  langs:
  - csharp
  name: GmtTime
  nameWithType: Clock.GmtTime
  fullName: Microsoft.VisualBasic.Devices.Clock.GmtTime
  type: Property
  assemblies:
  - Microsoft.VisualBasic
  namespace: Microsoft.VisualBasic.Devices
  summary: To be added.
  remarks: To be added.
  syntax:
    content: public DateTime GmtTime { get; }
    return:
      type: System.DateTime
      description: To be added.
  overload: Microsoft.VisualBasic.Devices.Clock.GmtTime*
  platform:
  - net-11
  - net-20
  - netcore-10
- uid: Microsoft.VisualBasic.Devices.Clock.LocalTime
  id: LocalTime
  parent: Microsoft.VisualBasic.Devices.Clock
  langs:
  - csharp
  name: LocalTime
  nameWithType: Clock.LocalTime
  fullName: Microsoft.VisualBasic.Devices.Clock.LocalTime
  type: Property
  assemblies:
  - Microsoft.VisualBasic
  namespace: Microsoft.VisualBasic.Devices
  summary: To be added.
  remarks: To be added.
  syntax:
    content: public DateTime LocalTime { get; }
    return:
      type: System.DateTime
      description: To be added.
  overload: Microsoft.VisualBasic.Devices.Clock.LocalTime*
  platform:
  - net-11
  - net-20
  - netcore-10
- uid: Microsoft.VisualBasic.Devices.Clock.TickCount
  id: TickCount
  parent: Microsoft.VisualBasic.Devices.Clock
  langs:
  - csharp
  name: TickCount
  nameWithType: Clock.TickCount
  fullName: Microsoft.VisualBasic.Devices.Clock.TickCount
  type: Property
  assemblies:
  - Microsoft.VisualBasic
  namespace: Microsoft.VisualBasic.Devices
  summary: To be added.
  remarks: To be added.
  syntax:
    content: public int TickCount { get; }
    return:
      type: System.Int32
      description: To be added.
  overload: Microsoft.VisualBasic.Devices.Clock.TickCount*
  platform:
  - net-11
  - net-20
  - netcore-10
references:
- uid: System.Object
  isExternal: false
  name: System.Object
- uid: Microsoft.VisualBasic.Devices.Clock.#ctor
  parent: Microsoft.VisualBasic.Devices.Clock
  isExternal: false
  name: Clock()
  nameWithType: Clock.Clock()
  fullName: Microsoft.VisualBasic.Devices.Clock.Clock()
- uid: Microsoft.VisualBasic.Devices.Clock.GmtTime
  parent: Microsoft.VisualBasic.Devices.Clock
  isExternal: false
  name: GmtTime
  nameWithType: Clock.GmtTime
  fullName: Microsoft.VisualBasic.Devices.Clock.GmtTime
- uid: System.DateTime
  parent: System
  isExternal: true
  name: DateTime
  nameWithType: DateTime
  fullName: System.DateTime
- uid: Microsoft.VisualBasic.Devices.Clock.LocalTime
  parent: Microsoft.VisualBasic.Devices.Clock
  isExternal: false
  name: LocalTime
  nameWithType: Clock.LocalTime
  fullName: Microsoft.VisualBasic.Devices.Clock.LocalTime
- uid: System.DateTime
  parent: System
  isExternal: true
  name: DateTime
  nameWithType: DateTime
  fullName: System.DateTime
- uid: Microsoft.VisualBasic.Devices.Clock.TickCount
  parent: Microsoft.VisualBasic.Devices.Clock
  isExternal: false
  name: TickCount
  nameWithType: Clock.TickCount
  fullName: Microsoft.VisualBasic.Devices.Clock.TickCount
- uid: System.Int32
  parent: System
  isExternal: true
  name: Int32
  nameWithType: Int32
  fullName: System.Int32
- uid: Microsoft.VisualBasic.Devices.Clock.#ctor*
  parent: Microsoft.VisualBasic.Devices.Clock
  isExternal: false
  name: Clock
  nameWithType: Clock.Clock
- uid: Microsoft.VisualBasic.Devices.Clock.GmtTime*
  parent: Microsoft.VisualBasic.Devices.Clock
  isExternal: false
  name: GmtTime
  nameWithType: Clock.GmtTime
- uid: Microsoft.VisualBasic.Devices.Clock.LocalTime*
  parent: Microsoft.VisualBasic.Devices.Clock
  isExternal: false
  name: LocalTime
  nameWithType: Clock.LocalTime
- uid: Microsoft.VisualBasic.Devices.Clock.TickCount*
  parent: Microsoft.VisualBasic.Devices.Clock
  isExternal: false
  name: TickCount
  nameWithType: Clock.TickCount
