### YamlMime:ManagedReference
items:
- uid: System.Threading.ReaderWriterLock
  id: ReaderWriterLock
  children:
  - System.Threading.ReaderWriterLock.#ctor
  - System.Threading.ReaderWriterLock.AcquireReaderLock(System.Int32)
  - System.Threading.ReaderWriterLock.AcquireReaderLock(System.TimeSpan)
  - System.Threading.ReaderWriterLock.AcquireWriterLock(System.Int32)
  - System.Threading.ReaderWriterLock.AcquireWriterLock(System.TimeSpan)
  - System.Threading.ReaderWriterLock.AnyWritersSince(System.Int32)
  - System.Threading.ReaderWriterLock.DowngradeFromWriterLock(System.Threading.LockCookie@)
  - System.Threading.ReaderWriterLock.Finalize
  - System.Threading.ReaderWriterLock.IsReaderLockHeld
  - System.Threading.ReaderWriterLock.IsWriterLockHeld
  - System.Threading.ReaderWriterLock.ReleaseLock
  - System.Threading.ReaderWriterLock.ReleaseReaderLock
  - System.Threading.ReaderWriterLock.ReleaseWriterLock
  - System.Threading.ReaderWriterLock.RestoreLock(System.Threading.LockCookie@)
  - System.Threading.ReaderWriterLock.UpgradeToWriterLock(System.Int32)
  - System.Threading.ReaderWriterLock.UpgradeToWriterLock(System.TimeSpan)
  - System.Threading.ReaderWriterLock.WriterSeqNum
  langs:
  - csharp
  name: ReaderWriterLock
  nameWithType: ReaderWriterLock
  fullName: System.Threading.ReaderWriterLock
  type: Class
  summary: To be added.
  remarks: To be added.
  syntax:
    content: >-
      [System.Runtime.InteropServices.ComVisible(true)]

      public sealed class ReaderWriterLock : System.Runtime.ConstrainedExecution.CriticalFinalizerObject
  inheritance:
  - System.Object
  - System.Runtime.ConstrainedExecution.CriticalFinalizerObject
  implements: []
  inheritedMembers: []
  platform:
  - net-11
  - net-20
  - netcore-10
- uid: System.Threading.ReaderWriterLock.#ctor
  id: '#ctor'
  parent: System.Threading.ReaderWriterLock
  langs:
  - csharp
  name: ReaderWriterLock()
  nameWithType: ReaderWriterLock.ReaderWriterLock()
  fullName: System.Threading.ReaderWriterLock.ReaderWriterLock()
  type: Constructor
  assemblies:
  - mscorlib
  namespace: System.Threading
  summary: To be added.
  remarks: To be added.
  syntax:
    content: public ReaderWriterLock ();
    parameters: []
  overload: System.Threading.ReaderWriterLock.#ctor*
  platform:
  - net-11
  - net-20
  - netcore-10
- uid: System.Threading.ReaderWriterLock.AcquireReaderLock(System.Int32)
  id: AcquireReaderLock(System.Int32)
  parent: System.Threading.ReaderWriterLock
  langs:
  - csharp
  name: AcquireReaderLock(Int32)
  nameWithType: ReaderWriterLock.AcquireReaderLock(Int32)
  fullName: System.Threading.ReaderWriterLock.AcquireReaderLock(Int32)
  type: Method
  assemblies:
  - mscorlib
  namespace: System.Threading
  summary: To be added.
  remarks: To be added.
  syntax:
    content: public void AcquireReaderLock (int millisecondsTimeout);
    parameters:
    - id: millisecondsTimeout
      type: System.Int32
      description: To be added.
  overload: System.Threading.ReaderWriterLock.AcquireReaderLock*
  platform:
  - net-11
  - net-20
  - netcore-10
- uid: System.Threading.ReaderWriterLock.AcquireReaderLock(System.TimeSpan)
  id: AcquireReaderLock(System.TimeSpan)
  parent: System.Threading.ReaderWriterLock
  langs:
  - csharp
  name: AcquireReaderLock(TimeSpan)
  nameWithType: ReaderWriterLock.AcquireReaderLock(TimeSpan)
  fullName: System.Threading.ReaderWriterLock.AcquireReaderLock(TimeSpan)
  type: Method
  assemblies:
  - mscorlib
  namespace: System.Threading
  summary: To be added.
  remarks: To be added.
  syntax:
    content: public void AcquireReaderLock (TimeSpan timeout);
    parameters:
    - id: timeout
      type: System.TimeSpan
      description: To be added.
  overload: System.Threading.ReaderWriterLock.AcquireReaderLock*
  platform:
  - net-11
  - net-20
  - netcore-10
- uid: System.Threading.ReaderWriterLock.AcquireWriterLock(System.Int32)
  id: AcquireWriterLock(System.Int32)
  parent: System.Threading.ReaderWriterLock
  langs:
  - csharp
  name: AcquireWriterLock(Int32)
  nameWithType: ReaderWriterLock.AcquireWriterLock(Int32)
  fullName: System.Threading.ReaderWriterLock.AcquireWriterLock(Int32)
  type: Method
  assemblies:
  - mscorlib
  namespace: System.Threading
  summary: To be added.
  remarks: To be added.
  syntax:
    content: public void AcquireWriterLock (int millisecondsTimeout);
    parameters:
    - id: millisecondsTimeout
      type: System.Int32
      description: To be added.
  overload: System.Threading.ReaderWriterLock.AcquireWriterLock*
  platform:
  - net-11
  - net-20
  - netcore-10
- uid: System.Threading.ReaderWriterLock.AcquireWriterLock(System.TimeSpan)
  id: AcquireWriterLock(System.TimeSpan)
  parent: System.Threading.ReaderWriterLock
  langs:
  - csharp
  name: AcquireWriterLock(TimeSpan)
  nameWithType: ReaderWriterLock.AcquireWriterLock(TimeSpan)
  fullName: System.Threading.ReaderWriterLock.AcquireWriterLock(TimeSpan)
  type: Method
  assemblies:
  - mscorlib
  namespace: System.Threading
  summary: To be added.
  remarks: To be added.
  syntax:
    content: public void AcquireWriterLock (TimeSpan timeout);
    parameters:
    - id: timeout
      type: System.TimeSpan
      description: To be added.
  overload: System.Threading.ReaderWriterLock.AcquireWriterLock*
  platform:
  - net-11
  - net-20
  - netcore-10
- uid: System.Threading.ReaderWriterLock.AnyWritersSince(System.Int32)
  id: AnyWritersSince(System.Int32)
  parent: System.Threading.ReaderWriterLock
  langs:
  - csharp
  name: AnyWritersSince(Int32)
  nameWithType: ReaderWriterLock.AnyWritersSince(Int32)
  fullName: System.Threading.ReaderWriterLock.AnyWritersSince(Int32)
  type: Method
  assemblies:
  - mscorlib
  namespace: System.Threading
  summary: To be added.
  remarks: To be added.
  syntax:
    content: public bool AnyWritersSince (int seqNum);
    parameters:
    - id: seqNum
      type: System.Int32
      description: To be added.
    return:
      type: System.Boolean
      description: To be added.
  overload: System.Threading.ReaderWriterLock.AnyWritersSince*
  platform:
  - net-11
  - net-20
  - netcore-10
- uid: System.Threading.ReaderWriterLock.DowngradeFromWriterLock(System.Threading.LockCookie@)
  id: DowngradeFromWriterLock(System.Threading.LockCookie@)
  parent: System.Threading.ReaderWriterLock
  langs:
  - csharp
  name: DowngradeFromWriterLock(LockCookie)
  nameWithType: ReaderWriterLock.DowngradeFromWriterLock(LockCookie)
  fullName: System.Threading.ReaderWriterLock.DowngradeFromWriterLock(LockCookie)
  type: Method
  assemblies:
  - mscorlib
  namespace: System.Threading
  summary: To be added.
  remarks: To be added.
  syntax:
    content: public void DowngradeFromWriterLock (ref System.Threading.LockCookie lockCookie);
    parameters:
    - id: lockCookie
      type: System.Threading.LockCookie
      description: To be added.
  overload: System.Threading.ReaderWriterLock.DowngradeFromWriterLock*
  platform:
  - net-11
  - net-20
  - netcore-10
- uid: System.Threading.ReaderWriterLock.Finalize
  id: Finalize
  parent: System.Threading.ReaderWriterLock
  langs:
  - csharp
  name: Finalize()
  nameWithType: ReaderWriterLock.Finalize()
  fullName: System.Threading.ReaderWriterLock.Finalize()
  type: Method
  assemblies:
  - mscorlib
  namespace: System.Threading
  summary: To be added.
  remarks: To be added.
  syntax:
    content: ~ReaderWriterLock ();
    parameters: []
  overload: System.Threading.ReaderWriterLock.Finalize*
  platform:
  - net-11
  - net-20
  - netcore-10
- uid: System.Threading.ReaderWriterLock.IsReaderLockHeld
  id: IsReaderLockHeld
  parent: System.Threading.ReaderWriterLock
  langs:
  - csharp
  name: IsReaderLockHeld
  nameWithType: ReaderWriterLock.IsReaderLockHeld
  fullName: System.Threading.ReaderWriterLock.IsReaderLockHeld
  type: Property
  assemblies:
  - mscorlib
  namespace: System.Threading
  summary: To be added.
  remarks: To be added.
  syntax:
    content: public bool IsReaderLockHeld { get; }
    return:
      type: System.Boolean
      description: To be added.
  overload: System.Threading.ReaderWriterLock.IsReaderLockHeld*
  platform:
  - net-11
  - net-20
  - netcore-10
- uid: System.Threading.ReaderWriterLock.IsWriterLockHeld
  id: IsWriterLockHeld
  parent: System.Threading.ReaderWriterLock
  langs:
  - csharp
  name: IsWriterLockHeld
  nameWithType: ReaderWriterLock.IsWriterLockHeld
  fullName: System.Threading.ReaderWriterLock.IsWriterLockHeld
  type: Property
  assemblies:
  - mscorlib
  namespace: System.Threading
  summary: To be added.
  remarks: To be added.
  syntax:
    content: public bool IsWriterLockHeld { get; }
    return:
      type: System.Boolean
      description: To be added.
  overload: System.Threading.ReaderWriterLock.IsWriterLockHeld*
  platform:
  - net-11
  - net-20
  - netcore-10
- uid: System.Threading.ReaderWriterLock.ReleaseLock
  id: ReleaseLock
  parent: System.Threading.ReaderWriterLock
  langs:
  - csharp
  name: ReleaseLock()
  nameWithType: ReaderWriterLock.ReleaseLock()
  fullName: System.Threading.ReaderWriterLock.ReleaseLock()
  type: Method
  assemblies:
  - mscorlib
  namespace: System.Threading
  summary: To be added.
  remarks: To be added.
  syntax:
    content: public System.Threading.LockCookie ReleaseLock ();
    parameters: []
    return:
      type: System.Threading.LockCookie
      description: To be added.
  overload: System.Threading.ReaderWriterLock.ReleaseLock*
  platform:
  - net-11
  - net-20
  - netcore-10
- uid: System.Threading.ReaderWriterLock.ReleaseReaderLock
  id: ReleaseReaderLock
  parent: System.Threading.ReaderWriterLock
  langs:
  - csharp
  name: ReleaseReaderLock()
  nameWithType: ReaderWriterLock.ReleaseReaderLock()
  fullName: System.Threading.ReaderWriterLock.ReleaseReaderLock()
  type: Method
  assemblies:
  - mscorlib
  namespace: System.Threading
  summary: To be added.
  remarks: To be added.
  syntax:
    content: public void ReleaseReaderLock ();
    parameters: []
  overload: System.Threading.ReaderWriterLock.ReleaseReaderLock*
  platform:
  - net-11
  - net-20
  - netcore-10
- uid: System.Threading.ReaderWriterLock.ReleaseWriterLock
  id: ReleaseWriterLock
  parent: System.Threading.ReaderWriterLock
  langs:
  - csharp
  name: ReleaseWriterLock()
  nameWithType: ReaderWriterLock.ReleaseWriterLock()
  fullName: System.Threading.ReaderWriterLock.ReleaseWriterLock()
  type: Method
  assemblies:
  - mscorlib
  namespace: System.Threading
  summary: To be added.
  remarks: To be added.
  syntax:
    content: public void ReleaseWriterLock ();
    parameters: []
  overload: System.Threading.ReaderWriterLock.ReleaseWriterLock*
  platform:
  - net-11
  - net-20
  - netcore-10
- uid: System.Threading.ReaderWriterLock.RestoreLock(System.Threading.LockCookie@)
  id: RestoreLock(System.Threading.LockCookie@)
  parent: System.Threading.ReaderWriterLock
  langs:
  - csharp
  name: RestoreLock(LockCookie)
  nameWithType: ReaderWriterLock.RestoreLock(LockCookie)
  fullName: System.Threading.ReaderWriterLock.RestoreLock(LockCookie)
  type: Method
  assemblies:
  - mscorlib
  namespace: System.Threading
  summary: To be added.
  remarks: To be added.
  syntax:
    content: public void RestoreLock (ref System.Threading.LockCookie lockCookie);
    parameters:
    - id: lockCookie
      type: System.Threading.LockCookie
      description: To be added.
  overload: System.Threading.ReaderWriterLock.RestoreLock*
  platform:
  - net-11
  - net-20
  - netcore-10
- uid: System.Threading.ReaderWriterLock.UpgradeToWriterLock(System.Int32)
  id: UpgradeToWriterLock(System.Int32)
  parent: System.Threading.ReaderWriterLock
  langs:
  - csharp
  name: UpgradeToWriterLock(Int32)
  nameWithType: ReaderWriterLock.UpgradeToWriterLock(Int32)
  fullName: System.Threading.ReaderWriterLock.UpgradeToWriterLock(Int32)
  type: Method
  assemblies:
  - mscorlib
  namespace: System.Threading
  summary: To be added.
  remarks: To be added.
  syntax:
    content: public System.Threading.LockCookie UpgradeToWriterLock (int millisecondsTimeout);
    parameters:
    - id: millisecondsTimeout
      type: System.Int32
      description: To be added.
    return:
      type: System.Threading.LockCookie
      description: To be added.
  overload: System.Threading.ReaderWriterLock.UpgradeToWriterLock*
  platform:
  - net-11
  - net-20
  - netcore-10
- uid: System.Threading.ReaderWriterLock.UpgradeToWriterLock(System.TimeSpan)
  id: UpgradeToWriterLock(System.TimeSpan)
  parent: System.Threading.ReaderWriterLock
  langs:
  - csharp
  name: UpgradeToWriterLock(TimeSpan)
  nameWithType: ReaderWriterLock.UpgradeToWriterLock(TimeSpan)
  fullName: System.Threading.ReaderWriterLock.UpgradeToWriterLock(TimeSpan)
  type: Method
  assemblies:
  - mscorlib
  namespace: System.Threading
  summary: To be added.
  remarks: To be added.
  syntax:
    content: public System.Threading.LockCookie UpgradeToWriterLock (TimeSpan timeout);
    parameters:
    - id: timeout
      type: System.TimeSpan
      description: To be added.
    return:
      type: System.Threading.LockCookie
      description: To be added.
  overload: System.Threading.ReaderWriterLock.UpgradeToWriterLock*
  platform:
  - net-11
  - net-20
  - netcore-10
- uid: System.Threading.ReaderWriterLock.WriterSeqNum
  id: WriterSeqNum
  parent: System.Threading.ReaderWriterLock
  langs:
  - csharp
  name: WriterSeqNum
  nameWithType: ReaderWriterLock.WriterSeqNum
  fullName: System.Threading.ReaderWriterLock.WriterSeqNum
  type: Property
  assemblies:
  - mscorlib
  namespace: System.Threading
  summary: To be added.
  remarks: To be added.
  syntax:
    content: public int WriterSeqNum { get; }
    return:
      type: System.Int32
      description: To be added.
  overload: System.Threading.ReaderWriterLock.WriterSeqNum*
  platform:
  - net-11
  - net-20
  - netcore-10
references:
- uid: System.Runtime.ConstrainedExecution.CriticalFinalizerObject
  isExternal: false
  name: System.Runtime.ConstrainedExecution.CriticalFinalizerObject
- uid: System.Threading.ReaderWriterLock.#ctor
  parent: System.Threading.ReaderWriterLock
  isExternal: false
  name: ReaderWriterLock()
  nameWithType: ReaderWriterLock.ReaderWriterLock()
  fullName: System.Threading.ReaderWriterLock.ReaderWriterLock()
- uid: System.Threading.ReaderWriterLock.AcquireReaderLock(System.Int32)
  parent: System.Threading.ReaderWriterLock
  isExternal: false
  name: AcquireReaderLock(Int32)
  nameWithType: ReaderWriterLock.AcquireReaderLock(Int32)
  fullName: System.Threading.ReaderWriterLock.AcquireReaderLock(Int32)
- uid: System.Int32
  parent: System
  isExternal: true
  name: Int32
  nameWithType: Int32
  fullName: System.Int32
- uid: System.Threading.ReaderWriterLock.AcquireReaderLock(System.TimeSpan)
  parent: System.Threading.ReaderWriterLock
  isExternal: false
  name: AcquireReaderLock(TimeSpan)
  nameWithType: ReaderWriterLock.AcquireReaderLock(TimeSpan)
  fullName: System.Threading.ReaderWriterLock.AcquireReaderLock(TimeSpan)
- uid: System.TimeSpan
  parent: System
  isExternal: true
  name: TimeSpan
  nameWithType: TimeSpan
  fullName: System.TimeSpan
- uid: System.Threading.ReaderWriterLock.AcquireWriterLock(System.Int32)
  parent: System.Threading.ReaderWriterLock
  isExternal: false
  name: AcquireWriterLock(Int32)
  nameWithType: ReaderWriterLock.AcquireWriterLock(Int32)
  fullName: System.Threading.ReaderWriterLock.AcquireWriterLock(Int32)
- uid: System.Int32
  parent: System
  isExternal: true
  name: Int32
  nameWithType: Int32
  fullName: System.Int32
- uid: System.Threading.ReaderWriterLock.AcquireWriterLock(System.TimeSpan)
  parent: System.Threading.ReaderWriterLock
  isExternal: false
  name: AcquireWriterLock(TimeSpan)
  nameWithType: ReaderWriterLock.AcquireWriterLock(TimeSpan)
  fullName: System.Threading.ReaderWriterLock.AcquireWriterLock(TimeSpan)
- uid: System.TimeSpan
  parent: System
  isExternal: true
  name: TimeSpan
  nameWithType: TimeSpan
  fullName: System.TimeSpan
- uid: System.Threading.ReaderWriterLock.AnyWritersSince(System.Int32)
  parent: System.Threading.ReaderWriterLock
  isExternal: false
  name: AnyWritersSince(Int32)
  nameWithType: ReaderWriterLock.AnyWritersSince(Int32)
  fullName: System.Threading.ReaderWriterLock.AnyWritersSince(Int32)
- uid: System.Boolean
  parent: System
  isExternal: true
  name: Boolean
  nameWithType: Boolean
  fullName: System.Boolean
- uid: System.Int32
  parent: System
  isExternal: true
  name: Int32
  nameWithType: Int32
  fullName: System.Int32
- uid: System.Threading.ReaderWriterLock.DowngradeFromWriterLock(System.Threading.LockCookie@)
  parent: System.Threading.ReaderWriterLock
  isExternal: false
  name: DowngradeFromWriterLock(LockCookie)
  nameWithType: ReaderWriterLock.DowngradeFromWriterLock(LockCookie)
  fullName: System.Threading.ReaderWriterLock.DowngradeFromWriterLock(LockCookie)
- uid: System.Threading.LockCookie
  parent: System.Threading
  isExternal: false
  name: LockCookie
  nameWithType: LockCookie
  fullName: System.Threading.LockCookie
- uid: System.Threading.ReaderWriterLock.Finalize
  parent: System.Threading.ReaderWriterLock
  isExternal: false
  name: Finalize()
  nameWithType: ReaderWriterLock.Finalize()
  fullName: System.Threading.ReaderWriterLock.Finalize()
- uid: System.Threading.ReaderWriterLock.IsReaderLockHeld
  parent: System.Threading.ReaderWriterLock
  isExternal: false
  name: IsReaderLockHeld
  nameWithType: ReaderWriterLock.IsReaderLockHeld
  fullName: System.Threading.ReaderWriterLock.IsReaderLockHeld
- uid: System.Boolean
  parent: System
  isExternal: true
  name: Boolean
  nameWithType: Boolean
  fullName: System.Boolean
- uid: System.Threading.ReaderWriterLock.IsWriterLockHeld
  parent: System.Threading.ReaderWriterLock
  isExternal: false
  name: IsWriterLockHeld
  nameWithType: ReaderWriterLock.IsWriterLockHeld
  fullName: System.Threading.ReaderWriterLock.IsWriterLockHeld
- uid: System.Boolean
  parent: System
  isExternal: true
  name: Boolean
  nameWithType: Boolean
  fullName: System.Boolean
- uid: System.Threading.ReaderWriterLock.ReleaseLock
  parent: System.Threading.ReaderWriterLock
  isExternal: false
  name: ReleaseLock()
  nameWithType: ReaderWriterLock.ReleaseLock()
  fullName: System.Threading.ReaderWriterLock.ReleaseLock()
- uid: System.Threading.LockCookie
  parent: System.Threading
  isExternal: false
  name: LockCookie
  nameWithType: LockCookie
  fullName: System.Threading.LockCookie
- uid: System.Threading.ReaderWriterLock.ReleaseReaderLock
  parent: System.Threading.ReaderWriterLock
  isExternal: false
  name: ReleaseReaderLock()
  nameWithType: ReaderWriterLock.ReleaseReaderLock()
  fullName: System.Threading.ReaderWriterLock.ReleaseReaderLock()
- uid: System.Threading.ReaderWriterLock.ReleaseWriterLock
  parent: System.Threading.ReaderWriterLock
  isExternal: false
  name: ReleaseWriterLock()
  nameWithType: ReaderWriterLock.ReleaseWriterLock()
  fullName: System.Threading.ReaderWriterLock.ReleaseWriterLock()
- uid: System.Threading.ReaderWriterLock.RestoreLock(System.Threading.LockCookie@)
  parent: System.Threading.ReaderWriterLock
  isExternal: false
  name: RestoreLock(LockCookie)
  nameWithType: ReaderWriterLock.RestoreLock(LockCookie)
  fullName: System.Threading.ReaderWriterLock.RestoreLock(LockCookie)
- uid: System.Threading.LockCookie
  parent: System.Threading
  isExternal: false
  name: LockCookie
  nameWithType: LockCookie
  fullName: System.Threading.LockCookie
- uid: System.Threading.ReaderWriterLock.UpgradeToWriterLock(System.Int32)
  parent: System.Threading.ReaderWriterLock
  isExternal: false
  name: UpgradeToWriterLock(Int32)
  nameWithType: ReaderWriterLock.UpgradeToWriterLock(Int32)
  fullName: System.Threading.ReaderWriterLock.UpgradeToWriterLock(Int32)
- uid: System.Threading.LockCookie
  parent: System.Threading
  isExternal: false
  name: LockCookie
  nameWithType: LockCookie
  fullName: System.Threading.LockCookie
- uid: System.Int32
  parent: System
  isExternal: true
  name: Int32
  nameWithType: Int32
  fullName: System.Int32
- uid: System.Threading.ReaderWriterLock.UpgradeToWriterLock(System.TimeSpan)
  parent: System.Threading.ReaderWriterLock
  isExternal: false
  name: UpgradeToWriterLock(TimeSpan)
  nameWithType: ReaderWriterLock.UpgradeToWriterLock(TimeSpan)
  fullName: System.Threading.ReaderWriterLock.UpgradeToWriterLock(TimeSpan)
- uid: System.Threading.LockCookie
  parent: System.Threading
  isExternal: false
  name: LockCookie
  nameWithType: LockCookie
  fullName: System.Threading.LockCookie
- uid: System.TimeSpan
  parent: System
  isExternal: true
  name: TimeSpan
  nameWithType: TimeSpan
  fullName: System.TimeSpan
- uid: System.Threading.ReaderWriterLock.WriterSeqNum
  parent: System.Threading.ReaderWriterLock
  isExternal: false
  name: WriterSeqNum
  nameWithType: ReaderWriterLock.WriterSeqNum
  fullName: System.Threading.ReaderWriterLock.WriterSeqNum
- uid: System.Int32
  parent: System
  isExternal: true
  name: Int32
  nameWithType: Int32
  fullName: System.Int32
- uid: System.Threading.ReaderWriterLock.#ctor*
  parent: System.Threading.ReaderWriterLock
  isExternal: false
  name: ReaderWriterLock
  nameWithType: ReaderWriterLock.ReaderWriterLock
- uid: System.Threading.ReaderWriterLock.AcquireReaderLock*
  parent: System.Threading.ReaderWriterLock
  isExternal: false
  name: AcquireReaderLock
  nameWithType: ReaderWriterLock.AcquireReaderLock
- uid: System.Threading.ReaderWriterLock.AcquireWriterLock*
  parent: System.Threading.ReaderWriterLock
  isExternal: false
  name: AcquireWriterLock
  nameWithType: ReaderWriterLock.AcquireWriterLock
- uid: System.Threading.ReaderWriterLock.AnyWritersSince*
  parent: System.Threading.ReaderWriterLock
  isExternal: false
  name: AnyWritersSince
  nameWithType: ReaderWriterLock.AnyWritersSince
- uid: System.Threading.ReaderWriterLock.DowngradeFromWriterLock*
  parent: System.Threading.ReaderWriterLock
  isExternal: false
  name: DowngradeFromWriterLock
  nameWithType: ReaderWriterLock.DowngradeFromWriterLock
- uid: System.Threading.ReaderWriterLock.Finalize*
  parent: System.Threading.ReaderWriterLock
  isExternal: false
  name: Finalize
  nameWithType: ReaderWriterLock.Finalize
- uid: System.Threading.ReaderWriterLock.IsReaderLockHeld*
  parent: System.Threading.ReaderWriterLock
  isExternal: false
  name: IsReaderLockHeld
  nameWithType: ReaderWriterLock.IsReaderLockHeld
- uid: System.Threading.ReaderWriterLock.IsWriterLockHeld*
  parent: System.Threading.ReaderWriterLock
  isExternal: false
  name: IsWriterLockHeld
  nameWithType: ReaderWriterLock.IsWriterLockHeld
- uid: System.Threading.ReaderWriterLock.ReleaseLock*
  parent: System.Threading.ReaderWriterLock
  isExternal: false
  name: ReleaseLock
  nameWithType: ReaderWriterLock.ReleaseLock
- uid: System.Threading.ReaderWriterLock.ReleaseReaderLock*
  parent: System.Threading.ReaderWriterLock
  isExternal: false
  name: ReleaseReaderLock
  nameWithType: ReaderWriterLock.ReleaseReaderLock
- uid: System.Threading.ReaderWriterLock.ReleaseWriterLock*
  parent: System.Threading.ReaderWriterLock
  isExternal: false
  name: ReleaseWriterLock
  nameWithType: ReaderWriterLock.ReleaseWriterLock
- uid: System.Threading.ReaderWriterLock.RestoreLock*
  parent: System.Threading.ReaderWriterLock
  isExternal: false
  name: RestoreLock
  nameWithType: ReaderWriterLock.RestoreLock
- uid: System.Threading.ReaderWriterLock.UpgradeToWriterLock*
  parent: System.Threading.ReaderWriterLock
  isExternal: false
  name: UpgradeToWriterLock
  nameWithType: ReaderWriterLock.UpgradeToWriterLock
- uid: System.Threading.ReaderWriterLock.WriterSeqNum*
  parent: System.Threading.ReaderWriterLock
  isExternal: false
  name: WriterSeqNum
  nameWithType: ReaderWriterLock.WriterSeqNum
